{
    "requires": true,
    "lockfileVersion": 1,
    "dependencies": {
        "@angular/flex-layout": {
            "version": "5.0.0-beta.14",
            "resolved": "https://registry.npmjs.org/@angular/flex-layout/-/flex-layout-5.0.0-beta.14.tgz",
            "integrity": "sha512-/fsOqXFUKdCmzzZx0bZ0HCYwcV+BSbVuIgOhaCrZKHj2rqiWKKPgj1ErU3HMT68bBBGag0u0skTdLGtrBorRIA==",
            "requires": {
                "tslib": "^1.7.1"
            }
        },
        "tslib": {
            "version": "1.9.1",
            "resolved": "https://registry.npmjs.org/tslib/-/tslib-1.9.1.tgz",
            "integrity": "sha512-avfPS28HmGLLc2o4elcc2EIq2FcH++Yo5YxpBZi9Yw93BCTGFthI4HPE4Rpep6vSYQaK8e69PelM44tPj+RaQg=="
        }
    }
}
